version = 1
requires-python = ">=3.12"

[[package]]
name = "biopython"
version = "1.85"
source = { registry = "https://pypi.org/simple" }
dependencies = [
    { name = "numpy" },
]
sdist = { url = "https://files.pythonhosted.org/packages/db/ca/1d5fab0fedaf5c2f376d9746d447cdce04241c433602c3861693361ce54c/biopython-1.85.tar.gz", hash = "sha256:5dafab74059de4e78f49f6b5684eddae6e7ce46f09cfa059c1d1339e8b1ea0a6", size = 19909902 }
wheels = [
    { url = "https://files.pythonhosted.org/packages/a3/25/e46f05359df7f0049c3adc5eaeb9aee0f5fbde1d959d05c78eb1de8f4d12/biopython-1.85-cp312-cp312-macosx_10_9_x86_64.whl", hash = "sha256:cc5b981b9e3060db7c355b6145dfe3ce0b6572e1601b31211f6d742b10543874", size = 2789327 },
    { url = "https://files.pythonhosted.org/packages/54/5b/8b3b029c94c63ab4c1781d141615b4a837e658422381d460c5573d5d8262/biopython-1.85-cp312-cp312-macosx_11_0_arm64.whl", hash = "sha256:6fe47d704c2d3afac99aeb461219ec5f00273120d2d99835dc0a9a617f520141", size = 2765805 },
    { url = "https://files.pythonhosted.org/packages/69/0a/9a8a38eff03c4607b9cec8d0e08c76b346b1cee1f77bc6d00efebfc7ec83/biopython-1.85-cp312-cp312-manylinux_2_17_aarch64.manylinux2014_aarch64.whl", hash = "sha256:e54e495239e623660ad367498c2f7a1a294b1997ba603f2ceafb36fd18f0eba6", size = 3249276 },
    { url = "https://files.pythonhosted.org/packages/b4/0d/b7a0f10f5100dcf51ae36ba31490169bfa45617323bd82af43e1fb0098fb/biopython-1.85-cp312-cp312-manylinux_2_17_x86_64.manylinux2014_x86_64.whl", hash = "sha256:d024ad48997ad53d53a77da24b072aaba8a550bd816af8f2e7e606a9918a3b43", size = 3268869 },
    { url = "https://files.pythonhosted.org/packages/07/51/646a4b7bdb4c1153786a70d33588ed09178bfcdda0542dfdc976294f4312/biopython-1.85-cp312-cp312-win32.whl", hash = "sha256:6985e17a2911defcbd30275a12f5ed5de2765e4bc91a60439740d572fdbfdf43", size = 2787011 },
    { url = "https://files.pythonhosted.org/packages/c1/84/c583fa2ac6e7d392d24ebdc5c99e95e517507de22cf143efb6cf1fc93ff5/biopython-1.85-cp312-cp312-win_amd64.whl", hash = "sha256:d6f8efb2db03f2ec115c5e8c764dbadf635e0c9ecd4c0e91fc8216c1b62f85f5", size = 2820972 },
    { url = "https://files.pythonhosted.org/packages/c3/3f/65814bf221f0bfdd2633830e573ac8594794686f54110571dce98cc32fd3/biopython-1.85-cp313-cp313-macosx_10_13_x86_64.whl", hash = "sha256:bae6f17262f20e9587d419ba5683e9dc93a31ee1858b98fa0cff203694d5b786", size = 2789844 },
    { url = "https://files.pythonhosted.org/packages/be/61/1443ce34226e261c20ae4a154b2bab72c109cf31415c92c54c1aada36b00/biopython-1.85-cp313-cp313-macosx_11_0_arm64.whl", hash = "sha256:b1e4918e6399ab0183dd863527fec18b53b7c61b6f0ef95db84b4adfa430ce75", size = 2765767 },
    { url = "https://files.pythonhosted.org/packages/53/51/bec4c763c704e2715691bb087cfab5907804a1bbef5873588698cece1a30/biopython-1.85-cp313-cp313-manylinux_2_17_aarch64.manylinux2014_aarch64.whl", hash = "sha256:86e487b6fe0f20a2b0138cb53f3d4dc26a7e4060ac4cb6fb1d19e194d445ef46", size = 3248867 },
    { url = "https://files.pythonhosted.org/packages/9e/a4/552f20253a7c95988067c4955831bd17dd9b864fd5c215d15c2f63f2d415/biopython-1.85-cp313-cp313-manylinux_2_17_x86_64.manylinux2014_x86_64.whl", hash = "sha256:327184048b5a50634ae0970119bcb8a35b76d7cefb2658a01f772915f2fb7686", size = 3268479 },
    { url = "https://files.pythonhosted.org/packages/97/f4/6dfc6ef3e0997f792f93893551d4a9bf7f6052a70d34f4e1b1e5e4a359f6/biopython-1.85-cp313-cp313-manylinux_2_5_i686.manylinux1_i686.manylinux_2_17_i686.manylinux2014_i686.whl", hash = "sha256:66b08905fb1b3f5194f908aaf04bbad474c4e3eaebad6d9f889a04e64dd1faf4", size = 3192338 },
    { url = "https://files.pythonhosted.org/packages/9d/8c/73da6588fab3a7d734118f21ac619c0a949f51d3cf7b1b8343d175c33460/biopython-1.85-cp313-cp313-win32.whl", hash = "sha256:5a236ab1e2797c7dcf1577d80fdaafabead2908bc338eaed0aa1509dab769fef", size = 2787017 },
    { url = "https://files.pythonhosted.org/packages/60/ff/fe8f03ac0ccc7219e0959010750c6ac1a5b1411c91c7f4ec3a37d8313673/biopython-1.85-cp313-cp313-win_amd64.whl", hash = "sha256:1b61593765e9ebdb71d73307d55fd4b46eb976608d329ae6803c084d90ed34c7", size = 2821012 },
]

[[package]]
name = "bitarray"
version = "3.1.0"
source = { registry = "https://pypi.org/simple" }
sdist = { url = "https://files.pythonhosted.org/packages/33/33/1cacd69541f57649a55db29dbdaae8c93a2e64583388363aa3c62dc1b5c2/bitarray-3.1.0.tar.gz", hash = "sha256:71757171a45eac58782861c49137ba3bed0da489155311857f69f4e9baf81fa4", size = 127114 }
wheels = [
    { url = "https://files.pythonhosted.org/packages/5c/d3/4be50f727dd2786dd545030fd6cb16ba678405ef147d647a8d89d7a673c1/bitarray-3.1.0-cp312-cp312-macosx_10_13_x86_64.whl", hash = "sha256:4c298fefda9dfe2ef24aee8fe48acc3a1a063b266791a814330c6932248785c4", size = 123470 },
    { url = "https://files.pythonhosted.org/packages/5f/02/8bf64399507ec94422635b621eeea00a649413988fc19ae54ce54f3a239f/bitarray-3.1.0-cp312-cp312-macosx_11_0_arm64.whl", hash = "sha256:e9211fb3a109ba76cb8bd0f76645d256f8a46e733693de22d0d7857941603cee", size = 120359 },
    { url = "https://files.pythonhosted.org/packages/71/75/4febe1ee16e3fecd8f29fdab2911233f956cc09d40b6238ec626dec3bbfd/bitarray-3.1.0-cp312-cp312-manylinux_2_17_aarch64.manylinux2014_aarch64.whl", hash = "sha256:2b6bfe0a618301f0afed9004b8230a413ad399b58fef50a744a623461b96d8e3", size = 293893 },
    { url = "https://files.pythonhosted.org/packages/fe/a0/7cc3a299f3afb752b0a5ee31c9ed2a201f1972110036fe589dd66928c3c9/bitarray-3.1.0-cp312-cp312-manylinux_2_17_ppc64le.manylinux2014_ppc64le.whl", hash = "sha256:2db21d733e06d0d5b86fd3c848a84b8930e71250542aa7602e2c048b96fce163", size = 307813 },
    { url = "https://files.pythonhosted.org/packages/77/a4/bc83b3407b0ca3ce451788322a51b3b071701145158a69bdad273624cdd2/bitarray-3.1.0-cp312-cp312-manylinux_2_17_s390x.manylinux2014_s390x.whl", hash = "sha256:3807c38b37a500583eafd4ae866d2a051834acd4e11cd8557af9cf5379fa7e21", size = 309871 },
    { url = "https://files.pythonhosted.org/packages/5b/e6/f07e7098fda874d1dcd19d06663dbc22ea63567d85623a904d3127d458d6/bitarray-3.1.0-cp312-cp312-manylinux_2_17_x86_64.manylinux2014_x86_64.whl", hash = "sha256:dcd15f43e846bfdaac8e5420006eba2d6adce29b6336492cf9d651e4a313ea86", size = 294630 },
    { url = "https://files.pythonhosted.org/packages/2c/e4/c5e564076e74b21ddc7223b00258c38d56302e08b74569865b186e8bfceb/bitarray-3.1.0-cp312-cp312-manylinux_2_5_i686.manylinux1_i686.manylinux_2_17_i686.manylinux2014_i686.whl", hash = "sha256:fc2266e15f02d3192d1c2d29a790a4eccb230e23de0de6136815b32f9cdd5b4d", size = 284269 },
    { url = "https://files.pythonhosted.org/packages/5b/7b/b93fde3d9fbd542e4eefdc0b269d73374c5ba1ff4d0bde2aea262f0166c7/bitarray-3.1.0-cp312-cp312-musllinux_1_2_aarch64.whl", hash = "sha256:54a6a8525bc66228ed9cc69d562979319ef151dba2ed302bf7a21c7e124c137b", size = 287778 },
    { url = "https://files.pythonhosted.org/packages/1a/10/c4fe19255336574c19fa2fc85f1b8dd7f22670fd424c142d43ad07e360d7/bitarray-3.1.0-cp312-cp312-musllinux_1_2_i686.whl", hash = "sha256:ffb6b3a6efdabe6a4f3042b16a68499711a7835e950847a5643f60a43de3335f", size = 279965 },
    { url = "https://files.pythonhosted.org/packages/d0/81/cae2db147b124e11479639edf7ddc35ba3ddea42369906a58bba9cde2ea8/bitarray-3.1.0-cp312-cp312-musllinux_1_2_ppc64le.whl", hash = "sha256:430302c3ca7ed0dbb629db87e24a3be082851d71777787d4c8ad424624363780", size = 303054 },
    { url = "https://files.pythonhosted.org/packages/39/1b/0cd00721f0db83575db77b0be7dc6dba4542e33d7dd7d929a836a6ad4705/bitarray-3.1.0-cp312-cp312-musllinux_1_2_s390x.whl", hash = "sha256:d4277999453fa63e96ed8a31698c9ac64ee5f38bd5c63205d69d9b73780fa152", size = 314566 },
    { url = "https://files.pythonhosted.org/packages/23/ed/e9c759617b4765444cfa9678d6a10d6eb22f9c970c6c6a691d047b6937ae/bitarray-3.1.0-cp312-cp312-musllinux_1_2_x86_64.whl", hash = "sha256:f8fab5053ff281954718dc56c44ee7d1462ccc7e296b84da504b72b01c6c0c41", size = 286825 },
    { url = "https://files.pythonhosted.org/packages/cc/65/ec5f63c32a49155ac6080e40a0e0d94ee64777701bc399010d67b62a4af9/bitarray-3.1.0-cp312-cp312-win32.whl", hash = "sha256:598072dbe456cc57270c6f34fa6b9aafd56bb5291e0d14f8509c1522f6d77f32", size = 116848 },
    { url = "https://files.pythonhosted.org/packages/cd/99/619f92fa9fa037f36394f7c7f28827d632bed5eb1bfb83a246cdee1bbfc3/bitarray-3.1.0-cp312-cp312-win_amd64.whl", hash = "sha256:4fed8491a77f9fa5303bf6a24a76fcafbf1b496bb22d72b213b673ef8ce6e201", size = 123158 },
    { url = "https://files.pythonhosted.org/packages/7d/2d/8e9b60dcf950b6680597e4fbbbac75c8c65a109d2d91e0ce452c07ba410b/bitarray-3.1.0-cp313-cp313-macosx_10_13_x86_64.whl", hash = "sha256:6ea4a888e45fdabc89705837b10030a990ec4879d14fccc3b9450ab56ca9d7ec", size = 123473 },
    { url = "https://files.pythonhosted.org/packages/1a/d0/2acf62614c9f502f479c4b03ac79ab17a91d3db354406b0b67839adb7ab2/bitarray-3.1.0-cp313-cp313-macosx_11_0_arm64.whl", hash = "sha256:2695c23b9857105631e9d4f8ebbcc8a4e55c6c9f31bc80d9e5e018e377d650d8", size = 120338 },
    { url = "https://files.pythonhosted.org/packages/a2/6c/4a736189e261293f50057b700176b28a135e8a75ed41ea63edaa732cd66b/bitarray-3.1.0-cp313-cp313-manylinux_2_17_aarch64.manylinux2014_aarch64.whl", hash = "sha256:577a1ffc6318cdcbf91e8492596004bb1572ce3c703aa42c16c8ac1188625b8d", size = 293831 },
    { url = "https://files.pythonhosted.org/packages/c5/74/4352988907e5a2cb846fb12e57ad336855a81e78665cdec6072fd0a385cf/bitarray-3.1.0-cp313-cp313-manylinux_2_17_ppc64le.manylinux2014_ppc64le.whl", hash = "sha256:1221d5d1255a74397f938ff822d8df4b0cc416b74e5659d21c3fe5f3d06590a1", size = 307758 },
    { url = "https://files.pythonhosted.org/packages/74/68/080243639c2dabaa100a7b6e539c6f6719186b0de312aa575e77a6502f4c/bitarray-3.1.0-cp313-cp313-manylinux_2_17_s390x.manylinux2014_s390x.whl", hash = "sha256:91e9309912700ab085cf78d162ad0bf0d3de35e5e084868400672b4ce3befbb0", size = 309828 },
    { url = "https://files.pythonhosted.org/packages/bd/9f/7b8edbf10d1fadf6df73ba668cb49d1626c464e85484a40b42b389ebc2f4/bitarray-3.1.0-cp313-cp313-manylinux_2_17_x86_64.manylinux2014_x86_64.whl", hash = "sha256:e8c319f77118bac6aded58a0d2f172ac1b06e00bfa5391033848864e39bfd771", size = 294524 },
    { url = "https://files.pythonhosted.org/packages/19/56/cfa3c34f5a56e52ef91036cf26e2e6df9576e01c449414831fabd0c5eed1/bitarray-3.1.0-cp313-cp313-manylinux_2_5_i686.manylinux1_i686.manylinux_2_17_i686.manylinux2014_i686.whl", hash = "sha256:08004c22af11a234a73a8edf744524fb67e89ab4c80791f647c522687ddcb4b9", size = 284160 },
    { url = "https://files.pythonhosted.org/packages/15/63/ae160f4fe8bcf46c4ed057d277ad6e03532f50583599fc74b80f3d1c347d/bitarray-3.1.0-cp313-cp313-musllinux_1_2_aarch64.whl", hash = "sha256:afb4d8876fff11cced4377f055498fd3c179e6e2bf7165fd055dabc494005252", size = 287858 },
    { url = "https://files.pythonhosted.org/packages/d6/23/5061657b3cff855dcd9d273e9edf39dfe68e9de3fd61036ef30b2dc70410/bitarray-3.1.0-cp313-cp313-musllinux_1_2_i686.whl", hash = "sha256:7c228c78bd20f2a46a2f3f2e349292c604ae26210dad56afe4b64ea65f72db75", size = 280029 },
    { url = "https://files.pythonhosted.org/packages/8b/1a/460b993d20088917661b14f3c32f2036b332c281a57f89d73e33918de541/bitarray-3.1.0-cp313-cp313-musllinux_1_2_ppc64le.whl", hash = "sha256:139115998ffcffd8b883e1f21ced6f1d96947c5ace51f9656ceccedea5765557", size = 303238 },
    { url = "https://files.pythonhosted.org/packages/74/a6/41092e6a2bf2f05e971dd609999312da2cf0a1b03f6839a366a45d4550c5/bitarray-3.1.0-cp313-cp313-musllinux_1_2_s390x.whl", hash = "sha256:7e3ade382c9a5d5d77635041dd2aaa4e59326c8f62e1fb33ce28ddaeaa6ae7b6", size = 314627 },
    { url = "https://files.pythonhosted.org/packages/bf/d9/af8af3a7cd1d4543a4d097b2e2f55ae959ba2c70311c30a4330266165c00/bitarray-3.1.0-cp313-cp313-musllinux_1_2_x86_64.whl", hash = "sha256:5efdb6403d206068d434caf9deb7ab936732c06e5617a63e213c94ac750303f4", size = 286901 },
    { url = "https://files.pythonhosted.org/packages/56/06/37c3b60e6a0da03cba7a437e6b8143affe8c6ba9c44345f6635d8ebb7620/bitarray-3.1.0-cp313-cp313-win32.whl", hash = "sha256:69721fef0427a7f56ed7eef16ff9ddec96c64cee4d7abb5e7511c9aedebafc0f", size = 116827 },
    { url = "https://files.pythonhosted.org/packages/c1/83/e2ced9b9d289c6d97bc756c7e5c7773d2d9791f6ac26b0a49f25eaa85068/bitarray-3.1.0-cp313-cp313-win_amd64.whl", hash = "sha256:34d75765b5c558e7bffa247493412831c6edb5c40e639a6ac94999bc6f40a6c8", size = 123146 },
]

[[package]]
name = "certifi"
version = "2025.1.31"
source = { registry = "https://pypi.org/simple" }
sdist = { url = "https://files.pythonhosted.org/packages/1c/ab/c9f1e32b7b1bf505bf26f0ef697775960db7932abeb7b516de930ba2705f/certifi-2025.1.31.tar.gz", hash = "sha256:3d5da6925056f6f18f119200434a4780a94263f10d1c21d032a6f6b2baa20651", size = 167577 }
wheels = [
    { url = "https://files.pythonhosted.org/packages/38/fc/bce832fd4fd99766c04d1ee0eead6b0ec6486fb100ae5e74c1d91292b982/certifi-2025.1.31-py3-none-any.whl", hash = "sha256:ca78db4565a652026a4db2bcdf68f2fb589ea80d0be70e03929ed730746b84fe", size = 166393 },
]

[[package]]
name = "charset-normalizer"
version = "3.4.1"
source = { registry = "https://pypi.org/simple" }
sdist = { url = "https://files.pythonhosted.org/packages/16/b0/572805e227f01586461c80e0fd25d65a2115599cc9dad142fee4b747c357/charset_normalizer-3.4.1.tar.gz", hash = "sha256:44251f18cd68a75b56585dd00dae26183e102cd5e0f9f1466e6df5da2ed64ea3", size = 123188 }
wheels = [
    { url = "https://files.pythonhosted.org/packages/0a/9a/dd1e1cdceb841925b7798369a09279bd1cf183cef0f9ddf15a3a6502ee45/charset_normalizer-3.4.1-cp312-cp312-macosx_10_13_universal2.whl", hash = "sha256:73d94b58ec7fecbc7366247d3b0b10a21681004153238750bb67bd9012414545", size = 196105 },
    { url = "https://files.pythonhosted.org/packages/d3/8c/90bfabf8c4809ecb648f39794cf2a84ff2e7d2a6cf159fe68d9a26160467/charset_normalizer-3.4.1-cp312-cp312-manylinux_2_17_aarch64.manylinux2014_aarch64.whl", hash = "sha256:dad3e487649f498dd991eeb901125411559b22e8d7ab25d3aeb1af367df5efd7", size = 140404 },
    { url = "https://files.pythonhosted.org/packages/ad/8f/e410d57c721945ea3b4f1a04b74f70ce8fa800d393d72899f0a40526401f/charset_normalizer-3.4.1-cp312-cp312-manylinux_2_17_ppc64le.manylinux2014_ppc64le.whl", hash = "sha256:c30197aa96e8eed02200a83fba2657b4c3acd0f0aa4bdc9f6c1af8e8962e0757", size = 150423 },
    { url = "https://files.pythonhosted.org/packages/f0/b8/e6825e25deb691ff98cf5c9072ee0605dc2acfca98af70c2d1b1bc75190d/charset_normalizer-3.4.1-cp312-cp312-manylinux_2_17_s390x.manylinux2014_s390x.whl", hash = "sha256:2369eea1ee4a7610a860d88f268eb39b95cb588acd7235e02fd5a5601773d4fa", size = 143184 },
    { url = "https://files.pythonhosted.org/packages/3e/a2/513f6cbe752421f16d969e32f3583762bfd583848b763913ddab8d9bfd4f/charset_normalizer-3.4.1-cp312-cp312-manylinux_2_17_x86_64.manylinux2014_x86_64.whl", hash = "sha256:bc2722592d8998c870fa4e290c2eec2c1569b87fe58618e67d38b4665dfa680d", size = 145268 },
    { url = "https://files.pythonhosted.org/packages/74/94/8a5277664f27c3c438546f3eb53b33f5b19568eb7424736bdc440a88a31f/charset_normalizer-3.4.1-cp312-cp312-manylinux_2_5_i686.manylinux1_i686.manylinux_2_17_i686.manylinux2014_i686.whl", hash = "sha256:ffc9202a29ab3920fa812879e95a9e78b2465fd10be7fcbd042899695d75e616", size = 147601 },
    { url = "https://files.pythonhosted.org/packages/7c/5f/6d352c51ee763623a98e31194823518e09bfa48be2a7e8383cf691bbb3d0/charset_normalizer-3.4.1-cp312-cp312-musllinux_1_2_aarch64.whl", hash = "sha256:804a4d582ba6e5b747c625bf1255e6b1507465494a40a2130978bda7b932c90b", size = 141098 },
    { url = "https://files.pythonhosted.org/packages/78/d4/f5704cb629ba5ab16d1d3d741396aec6dc3ca2b67757c45b0599bb010478/charset_normalizer-3.4.1-cp312-cp312-musllinux_1_2_i686.whl", hash = "sha256:0f55e69f030f7163dffe9fd0752b32f070566451afe180f99dbeeb81f511ad8d", size = 149520 },
    { url = "https://files.pythonhosted.org/packages/c5/96/64120b1d02b81785f222b976c0fb79a35875457fa9bb40827678e54d1bc8/charset_normalizer-3.4.1-cp312-cp312-musllinux_1_2_ppc64le.whl", hash = "sha256:c4c3e6da02df6fa1410a7680bd3f63d4f710232d3139089536310d027950696a", size = 152852 },
    { url = "https://files.pythonhosted.org/packages/84/c9/98e3732278a99f47d487fd3468bc60b882920cef29d1fa6ca460a1fdf4e6/charset_normalizer-3.4.1-cp312-cp312-musllinux_1_2_s390x.whl", hash = "sha256:5df196eb874dae23dcfb968c83d4f8fdccb333330fe1fc278ac5ceeb101003a9", size = 150488 },
    { url = "https://files.pythonhosted.org/packages/13/0e/9c8d4cb99c98c1007cc11eda969ebfe837bbbd0acdb4736d228ccaabcd22/charset_normalizer-3.4.1-cp312-cp312-musllinux_1_2_x86_64.whl", hash = "sha256:e358e64305fe12299a08e08978f51fc21fac060dcfcddd95453eabe5b93ed0e1", size = 146192 },
    { url = "https://files.pythonhosted.org/packages/b2/21/2b6b5b860781a0b49427309cb8670785aa543fb2178de875b87b9cc97746/charset_normalizer-3.4.1-cp312-cp312-win32.whl", hash = "sha256:9b23ca7ef998bc739bf6ffc077c2116917eabcc901f88da1b9856b210ef63f35", size = 95550 },
    { url = "https://files.pythonhosted.org/packages/21/5b/1b390b03b1d16c7e382b561c5329f83cc06623916aab983e8ab9239c7d5c/charset_normalizer-3.4.1-cp312-cp312-win_amd64.whl", hash = "sha256:6ff8a4a60c227ad87030d76e99cd1698345d4491638dfa6673027c48b3cd395f", size = 102785 },
    { url = "https://files.pythonhosted.org/packages/38/94/ce8e6f63d18049672c76d07d119304e1e2d7c6098f0841b51c666e9f44a0/charset_normalizer-3.4.1-cp313-cp313-macosx_10_13_universal2.whl", hash = "sha256:aabfa34badd18f1da5ec1bc2715cadc8dca465868a4e73a0173466b688f29dda", size = 195698 },
    { url = "https://files.pythonhosted.org/packages/24/2e/dfdd9770664aae179a96561cc6952ff08f9a8cd09a908f259a9dfa063568/charset_normalizer-3.4.1-cp313-cp313-manylinux_2_17_aarch64.manylinux2014_aarch64.whl", hash = "sha256:22e14b5d70560b8dd51ec22863f370d1e595ac3d024cb8ad7d308b4cd95f8313", size = 140162 },
    { url = "https://files.pythonhosted.org/packages/24/4e/f646b9093cff8fc86f2d60af2de4dc17c759de9d554f130b140ea4738ca6/charset_normalizer-3.4.1-cp313-cp313-manylinux_2_17_ppc64le.manylinux2014_ppc64le.whl", hash = "sha256:8436c508b408b82d87dc5f62496973a1805cd46727c34440b0d29d8a2f50a6c9", size = 150263 },
    { url = "https://files.pythonhosted.org/packages/5e/67/2937f8d548c3ef6e2f9aab0f6e21001056f692d43282b165e7c56023e6dd/charset_normalizer-3.4.1-cp313-cp313-manylinux_2_17_s390x.manylinux2014_s390x.whl", hash = "sha256:2d074908e1aecee37a7635990b2c6d504cd4766c7bc9fc86d63f9c09af3fa11b", size = 142966 },
    { url = "https://files.pythonhosted.org/packages/52/ed/b7f4f07de100bdb95c1756d3a4d17b90c1a3c53715c1a476f8738058e0fa/charset_normalizer-3.4.1-cp313-cp313-manylinux_2_17_x86_64.manylinux2014_x86_64.whl", hash = "sha256:955f8851919303c92343d2f66165294848d57e9bba6cf6e3625485a70a038d11", size = 144992 },
    { url = "https://files.pythonhosted.org/packages/96/2c/d49710a6dbcd3776265f4c923bb73ebe83933dfbaa841c5da850fe0fd20b/charset_normalizer-3.4.1-cp313-cp313-manylinux_2_5_i686.manylinux1_i686.manylinux_2_17_i686.manylinux2014_i686.whl", hash = "sha256:44ecbf16649486d4aebafeaa7ec4c9fed8b88101f4dd612dcaf65d5e815f837f", size = 147162 },
    { url = "https://files.pythonhosted.org/packages/b4/41/35ff1f9a6bd380303dea55e44c4933b4cc3c4850988927d4082ada230273/charset_normalizer-3.4.1-cp313-cp313-musllinux_1_2_aarch64.whl", hash = "sha256:0924e81d3d5e70f8126529951dac65c1010cdf117bb75eb02dd12339b57749dd", size = 140972 },
    { url = "https://files.pythonhosted.org/packages/fb/43/c6a0b685fe6910d08ba971f62cd9c3e862a85770395ba5d9cad4fede33ab/charset_normalizer-3.4.1-cp313-cp313-musllinux_1_2_i686.whl", hash = "sha256:2967f74ad52c3b98de4c3b32e1a44e32975e008a9cd2a8cc8966d6a5218c5cb2", size = 149095 },
    { url = "https://files.pythonhosted.org/packages/4c/ff/a9a504662452e2d2878512115638966e75633519ec11f25fca3d2049a94a/charset_normalizer-3.4.1-cp313-cp313-musllinux_1_2_ppc64le.whl", hash = "sha256:c75cb2a3e389853835e84a2d8fb2b81a10645b503eca9bcb98df6b5a43eb8886", size = 152668 },
    { url = "https://files.pythonhosted.org/packages/6c/71/189996b6d9a4b932564701628af5cee6716733e9165af1d5e1b285c530ed/charset_normalizer-3.4.1-cp313-cp313-musllinux_1_2_s390x.whl", hash = "sha256:09b26ae6b1abf0d27570633b2b078a2a20419c99d66fb2823173d73f188ce601", size = 150073 },
    { url = "https://files.pythonhosted.org/packages/e4/93/946a86ce20790e11312c87c75ba68d5f6ad2208cfb52b2d6a2c32840d922/charset_normalizer-3.4.1-cp313-cp313-musllinux_1_2_x86_64.whl", hash = "sha256:fa88b843d6e211393a37219e6a1c1df99d35e8fd90446f1118f4216e307e48cd", size = 145732 },
    { url = "https://files.pythonhosted.org/packages/cd/e5/131d2fb1b0dddafc37be4f3a2fa79aa4c037368be9423061dccadfd90091/charset_normalizer-3.4.1-cp313-cp313-win32.whl", hash = "sha256:eb8178fe3dba6450a3e024e95ac49ed3400e506fd4e9e5c32d30adda88cbd407", size = 95391 },
    { url = "https://files.pythonhosted.org/packages/27/f2/4f9a69cc7712b9b5ad8fdb87039fd89abba997ad5cbe690d1835d40405b0/charset_normalizer-3.4.1-cp313-cp313-win_amd64.whl", hash = "sha256:b1ac5992a838106edb89654e0aebfc24f5848ae2547d22c2c3f66454daa11971", size = 102702 },
    { url = "https://files.pythonhosted.org/packages/0e/f6/65ecc6878a89bb1c23a086ea335ad4bf21a588990c3f535a227b9eea9108/charset_normalizer-3.4.1-py3-none-any.whl", hash = "sha256:d98b1668f06378c6dbefec3b92299716b931cd4e6061f3c875a71ced1780ab85", size = 49767 },
]

[[package]]
name = "click"
version = "8.1.8"
source = { registry = "https://pypi.org/simple" }
dependencies = [
    { name = "colorama", marker = "platform_system == 'Windows'" },
]
sdist = { url = "https://files.pythonhosted.org/packages/b9/2e/0090cbf739cee7d23781ad4b89a9894a41538e4fcf4c31dcdd705b78eb8b/click-8.1.8.tar.gz", hash = "sha256:ed53c9d8990d83c2a27deae68e4ee337473f6330c040a31d4225c9574d16096a", size = 226593 }
wheels = [
    { url = "https://files.pythonhosted.org/packages/7e/d4/7ebdbd03970677812aac39c869717059dbb71a4cfc033ca6e5221787892c/click-8.1.8-py3-none-any.whl", hash = "sha256:63c132bbbed01578a06712a2d1f497bb62d9c1c0d329b7903a866228027263b2", size = 98188 },
]

[[package]]
name = "colorama"
version = "0.4.6"
source = { registry = "https://pypi.org/simple" }
sdist = { url = "https://files.pythonhosted.org/packages/d8/53/6f443c9a4a8358a93a6792e2acffb9d9d5cb0a5cfd8802644b7b1c9a02e4/colorama-0.4.6.tar.gz", hash = "sha256:08695f5cb7ed6e0531a20572697297273c47b8cae5a63ffc6d6ed5c201be6e44", size = 27697 }
wheels = [
    { url = "https://files.pythonhosted.org/packages/d1/d6/3965ed04c63042e047cb6a3e6ed1a63a35087b6a609aa3a15ed8ac56c221/colorama-0.4.6-py2.py3-none-any.whl", hash = "sha256:4f1d9991f5acc0ca119f9d443620b77f9d6b33703e51011c16baf57afb285fc6", size = 25335 },
]

[[package]]
name = "hclink"
version = "0.1.0"
source = { editable = "." }
dependencies = [
    { name = "biopython" },
    { name = "bitarray" },
    { name = "numba" },
    { name = "requests" },
    { name = "tenacity" },
    { name = "typer" },
]

[package.metadata]
requires-dist = [
    { name = "biopython", specifier = ">=1.85" },
    { name = "bitarray", specifier = ">=3.1.0" },
    { name = "numba", specifier = ">=0.61.0" },
    { name = "requests", specifier = ">=2.32.3" },
    { name = "tenacity", specifier = ">=9.0.0" },
    { name = "typer", specifier = ">=0.15.2" },
]

[[package]]
name = "idna"
version = "3.10"
source = { registry = "https://pypi.org/simple" }
sdist = { url = "https://files.pythonhosted.org/packages/f1/70/7703c29685631f5a7590aa73f1f1d3fa9a380e654b86af429e0934a32f7d/idna-3.10.tar.gz", hash = "sha256:12f65c9b470abda6dc35cf8e63cc574b1c52b11df2c86030af0ac09b01b13ea9", size = 190490 }
wheels = [
    { url = "https://files.pythonhosted.org/packages/76/c6/c88e154df9c4e1a2a66ccf0005a88dfb2650c1dffb6f5ce603dfbd452ce3/idna-3.10-py3-none-any.whl", hash = "sha256:946d195a0d259cbba61165e88e65941f16e9b36ea6ddb97f00452bae8b1287d3", size = 70442 },
]

[[package]]
name = "llvmlite"
version = "0.44.0"
source = { registry = "https://pypi.org/simple" }
sdist = { url = "https://files.pythonhosted.org/packages/89/6a/95a3d3610d5c75293d5dbbb2a76480d5d4eeba641557b69fe90af6c5b84e/llvmlite-0.44.0.tar.gz", hash = "sha256:07667d66a5d150abed9157ab6c0b9393c9356f229784a4385c02f99e94fc94d4", size = 171880 }
wheels = [
    { url = "https://files.pythonhosted.org/packages/15/86/e3c3195b92e6e492458f16d233e58a1a812aa2bfbef9bdd0fbafcec85c60/llvmlite-0.44.0-cp312-cp312-macosx_10_14_x86_64.whl", hash = "sha256:1d671a56acf725bf1b531d5ef76b86660a5ab8ef19bb6a46064a705c6ca80aad", size = 28132297 },
    { url = "https://files.pythonhosted.org/packages/d6/53/373b6b8be67b9221d12b24125fd0ec56b1078b660eeae266ec388a6ac9a0/llvmlite-0.44.0-cp312-cp312-macosx_11_0_arm64.whl", hash = "sha256:5f79a728e0435493611c9f405168682bb75ffd1fbe6fc360733b850c80a026db", size = 26201105 },
    { url = "https://files.pythonhosted.org/packages/cb/da/8341fd3056419441286c8e26bf436923021005ece0bff5f41906476ae514/llvmlite-0.44.0-cp312-cp312-manylinux_2_17_x86_64.manylinux2014_x86_64.whl", hash = "sha256:c0143a5ef336da14deaa8ec26c5449ad5b6a2b564df82fcef4be040b9cacfea9", size = 42361901 },
    { url = "https://files.pythonhosted.org/packages/53/ad/d79349dc07b8a395a99153d7ce8b01d6fcdc9f8231355a5df55ded649b61/llvmlite-0.44.0-cp312-cp312-manylinux_2_27_aarch64.manylinux_2_28_aarch64.whl", hash = "sha256:d752f89e31b66db6f8da06df8b39f9b91e78c5feea1bf9e8c1fba1d1c24c065d", size = 41184247 },
    { url = "https://files.pythonhosted.org/packages/e2/3b/a9a17366af80127bd09decbe2a54d8974b6d8b274b39bf47fbaedeec6307/llvmlite-0.44.0-cp312-cp312-win_amd64.whl", hash = "sha256:eae7e2d4ca8f88f89d315b48c6b741dcb925d6a1042da694aa16ab3dd4cbd3a1", size = 30332380 },
    { url = "https://files.pythonhosted.org/packages/89/24/4c0ca705a717514c2092b18476e7a12c74d34d875e05e4d742618ebbf449/llvmlite-0.44.0-cp313-cp313-macosx_10_14_x86_64.whl", hash = "sha256:319bddd44e5f71ae2689859b7203080716448a3cd1128fb144fe5c055219d516", size = 28132306 },
    { url = "https://files.pythonhosted.org/packages/01/cf/1dd5a60ba6aee7122ab9243fd614abcf22f36b0437cbbe1ccf1e3391461c/llvmlite-0.44.0-cp313-cp313-macosx_11_0_arm64.whl", hash = "sha256:9c58867118bad04a0bb22a2e0068c693719658105e40009ffe95c7000fcde88e", size = 26201090 },
    { url = "https://files.pythonhosted.org/packages/d2/1b/656f5a357de7135a3777bd735cc7c9b8f23b4d37465505bd0eaf4be9befe/llvmlite-0.44.0-cp313-cp313-manylinux_2_17_x86_64.manylinux2014_x86_64.whl", hash = "sha256:46224058b13c96af1365290bdfebe9a6264ae62fb79b2b55693deed11657a8bf", size = 42361904 },
    { url = "https://files.pythonhosted.org/packages/d8/e1/12c5f20cb9168fb3464a34310411d5ad86e4163c8ff2d14a2b57e5cc6bac/llvmlite-0.44.0-cp313-cp313-manylinux_2_27_aarch64.manylinux_2_28_aarch64.whl", hash = "sha256:aa0097052c32bf721a4efc03bd109d335dfa57d9bffb3d4c24cc680711b8b4fc", size = 41184245 },
    { url = "https://files.pythonhosted.org/packages/d0/81/e66fc86539293282fd9cb7c9417438e897f369e79ffb62e1ae5e5154d4dd/llvmlite-0.44.0-cp313-cp313-win_amd64.whl", hash = "sha256:2fb7c4f2fb86cbae6dca3db9ab203eeea0e22d73b99bc2341cdf9de93612e930", size = 30331193 },
]

[[package]]
name = "markdown-it-py"
version = "3.0.0"
source = { registry = "https://pypi.org/simple" }
dependencies = [
    { name = "mdurl" },
]
sdist = { url = "https://files.pythonhosted.org/packages/38/71/3b932df36c1a044d397a1f92d1cf91ee0a503d91e470cbd670aa66b07ed0/markdown-it-py-3.0.0.tar.gz", hash = "sha256:e3f60a94fa066dc52ec76661e37c851cb232d92f9886b15cb560aaada2df8feb", size = 74596 }
wheels = [
    { url = "https://files.pythonhosted.org/packages/42/d7/1ec15b46af6af88f19b8e5ffea08fa375d433c998b8a7639e76935c14f1f/markdown_it_py-3.0.0-py3-none-any.whl", hash = "sha256:355216845c60bd96232cd8d8c40e8f9765cc86f46880e43a8fd22dc1a1a8cab1", size = 87528 },
]

[[package]]
name = "mdurl"
version = "0.1.2"
source = { registry = "https://pypi.org/simple" }
sdist = { url = "https://files.pythonhosted.org/packages/d6/54/cfe61301667036ec958cb99bd3efefba235e65cdeb9c84d24a8293ba1d90/mdurl-0.1.2.tar.gz", hash = "sha256:bb413d29f5eea38f31dd4754dd7377d4465116fb207585f97bf925588687c1ba", size = 8729 }
wheels = [
    { url = "https://files.pythonhosted.org/packages/b3/38/89ba8ad64ae25be8de66a6d463314cf1eb366222074cfda9ee839c56a4b4/mdurl-0.1.2-py3-none-any.whl", hash = "sha256:84008a41e51615a49fc9966191ff91509e3c40b939176e643fd50a5c2196b8f8", size = 9979 },
]

[[package]]
name = "numba"
version = "0.61.0"
source = { registry = "https://pypi.org/simple" }
dependencies = [
    { name = "llvmlite" },
    { name = "numpy" },
]
sdist = { url = "https://files.pythonhosted.org/packages/3c/88/c13a935f200fda51384411e49840a8e7f70c9cb1ee8d809dd0f2477cf7ef/numba-0.61.0.tar.gz", hash = "sha256:888d2e89b8160899e19591467e8fdd4970e07606e1fbc248f239c89818d5f925", size = 2816484 }
wheels = [
    { url = "https://files.pythonhosted.org/packages/63/c9/c61881e7f2e253e745209f078bbd428ce23b6cf901f7d93afe166720ff95/numba-0.61.0-cp312-cp312-macosx_10_14_x86_64.whl", hash = "sha256:152146ecdbb8d8176f294e9f755411e6f270103a11c3ff50cecc413f794e52c8", size = 2769758 },
    { url = "https://files.pythonhosted.org/packages/e1/28/ddec0147a4933f86ceaca580aa9bb767d5632ecdb1ece6cfb3eab4ac78e5/numba-0.61.0-cp312-cp312-macosx_11_0_arm64.whl", hash = "sha256:5cafa6095716fcb081618c28a8d27bf7c001e09696f595b41836dec114be2905", size = 2772445 },
    { url = "https://files.pythonhosted.org/packages/18/74/6a9f0e6c76c088f8a6aa702eab31734068061dca5cc0f34e8bc1eb447de1/numba-0.61.0-cp312-cp312-manylinux2014_x86_64.manylinux_2_17_x86_64.whl", hash = "sha256:ffe9fe373ed30638d6e20a0269f817b2c75d447141f55a675bfcf2d1fe2e87fb", size = 3882115 },
    { url = "https://files.pythonhosted.org/packages/53/68/d7c31e53f08e6b4669c9b5a3cd7c5fb9097220c5ef388bc099ca8ab9749f/numba-0.61.0-cp312-cp312-manylinux_2_28_aarch64.whl", hash = "sha256:9f25f7fef0206d55c1cfb796ad833cbbc044e2884751e56e798351280038484c", size = 3573296 },
    { url = "https://files.pythonhosted.org/packages/94/4f/8357a99a14f331b865a42cb4756ae37da85599b9c95e01277ea10361e91a/numba-0.61.0-cp312-cp312-win_amd64.whl", hash = "sha256:550d389573bc3b895e1ccb18289feea11d937011de4d278b09dc7ed585d1cdcb", size = 2828077 },
    { url = "https://files.pythonhosted.org/packages/3b/54/71fba18e4af5619f1ea8175ee92e82dd8e220bd6feb8c0153c6b814c8a60/numba-0.61.0-cp313-cp313-macosx_10_14_x86_64.whl", hash = "sha256:b96fafbdcf6f69b69855273e988696aae4974115a815f6818fef4af7afa1f6b8", size = 2768024 },
    { url = "https://files.pythonhosted.org/packages/39/76/2448b43d08e904aad1b1b9cd12835b19411e84a81aa9192f83642a5e0afd/numba-0.61.0-cp313-cp313-macosx_11_0_arm64.whl", hash = "sha256:5f6c452dca1de8e60e593f7066df052dd8da09b243566ecd26d2b796e5d3087d", size = 2769541 },
    { url = "https://files.pythonhosted.org/packages/32/8f/4bb2374247ab988c9eac587b304b2947a36d605b9bb9ba4bf06e955c17d3/numba-0.61.0-cp313-cp313-manylinux2014_x86_64.manylinux_2_17_x86_64.whl", hash = "sha256:44240e694d4aa321430c97b21453e46014fe6c7b8b7d932afa7f6a88cc5d7e5e", size = 3890102 },
    { url = "https://files.pythonhosted.org/packages/ab/bc/dc2d03555289ae5263f65c01d45eb186ce347585c191daf0e60021d5ed39/numba-0.61.0-cp313-cp313-manylinux_2_28_aarch64.whl", hash = "sha256:764f0e47004f126f58c3b28e0a02374c420a9d15157b90806d68590f5c20cc89", size = 3580239 },
    { url = "https://files.pythonhosted.org/packages/61/08/71247ce560d2c222d9ca705c7d3547fc4069b96fc85d71aabeb890befe9f/numba-0.61.0-cp313-cp313-win_amd64.whl", hash = "sha256:074cd38c5b1f9c65a4319d1f3928165f48975ef0537ad43385b2bd908e6e2e35", size = 2828035 },
]

[[package]]
name = "numpy"
version = "2.1.3"
source = { registry = "https://pypi.org/simple" }
sdist = { url = "https://files.pythonhosted.org/packages/25/ca/1166b75c21abd1da445b97bf1fa2f14f423c6cfb4fc7c4ef31dccf9f6a94/numpy-2.1.3.tar.gz", hash = "sha256:aa08e04e08aaf974d4458def539dece0d28146d866a39da5639596f4921fd761", size = 20166090 }
wheels = [
    { url = "https://files.pythonhosted.org/packages/8a/f0/385eb9970309643cbca4fc6eebc8bb16e560de129c91258dfaa18498da8b/numpy-2.1.3-cp312-cp312-macosx_10_13_x86_64.whl", hash = "sha256:f55ba01150f52b1027829b50d70ef1dafd9821ea82905b63936668403c3b471e", size = 20849658 },
    { url = "https://files.pythonhosted.org/packages/54/4a/765b4607f0fecbb239638d610d04ec0a0ded9b4951c56dc68cef79026abf/numpy-2.1.3-cp312-cp312-macosx_11_0_arm64.whl", hash = "sha256:13138eadd4f4da03074851a698ffa7e405f41a0845a6b1ad135b81596e4e9958", size = 13492258 },
    { url = "https://files.pythonhosted.org/packages/bd/a7/2332679479c70b68dccbf4a8eb9c9b5ee383164b161bee9284ac141fbd33/numpy-2.1.3-cp312-cp312-macosx_14_0_arm64.whl", hash = "sha256:a6b46587b14b888e95e4a24d7b13ae91fa22386c199ee7b418f449032b2fa3b8", size = 5090249 },
    { url = "https://files.pythonhosted.org/packages/c1/67/4aa00316b3b981a822c7a239d3a8135be2a6945d1fd11d0efb25d361711a/numpy-2.1.3-cp312-cp312-macosx_14_0_x86_64.whl", hash = "sha256:0fa14563cc46422e99daef53d725d0c326e99e468a9320a240affffe87852564", size = 6621704 },
    { url = "https://files.pythonhosted.org/packages/5e/da/1a429ae58b3b6c364eeec93bf044c532f2ff7b48a52e41050896cf15d5b1/numpy-2.1.3-cp312-cp312-manylinux_2_17_aarch64.manylinux2014_aarch64.whl", hash = "sha256:8637dcd2caa676e475503d1f8fdb327bc495554e10838019651b76d17b98e512", size = 13606089 },
    { url = "https://files.pythonhosted.org/packages/9e/3e/3757f304c704f2f0294a6b8340fcf2be244038be07da4cccf390fa678a9f/numpy-2.1.3-cp312-cp312-manylinux_2_17_x86_64.manylinux2014_x86_64.whl", hash = "sha256:2312b2aa89e1f43ecea6da6ea9a810d06aae08321609d8dc0d0eda6d946a541b", size = 16043185 },
    { url = "https://files.pythonhosted.org/packages/43/97/75329c28fea3113d00c8d2daf9bc5828d58d78ed661d8e05e234f86f0f6d/numpy-2.1.3-cp312-cp312-musllinux_1_1_x86_64.whl", hash = "sha256:a38c19106902bb19351b83802531fea19dee18e5b37b36454f27f11ff956f7fc", size = 16410751 },
    { url = "https://files.pythonhosted.org/packages/ad/7a/442965e98b34e0ae9da319f075b387bcb9a1e0658276cc63adb8c9686f7b/numpy-2.1.3-cp312-cp312-musllinux_1_2_aarch64.whl", hash = "sha256:02135ade8b8a84011cbb67dc44e07c58f28575cf9ecf8ab304e51c05528c19f0", size = 14082705 },
    { url = "https://files.pythonhosted.org/packages/ac/b6/26108cf2cfa5c7e03fb969b595c93131eab4a399762b51ce9ebec2332e80/numpy-2.1.3-cp312-cp312-win32.whl", hash = "sha256:e6988e90fcf617da2b5c78902fe8e668361b43b4fe26dbf2d7b0f8034d4cafb9", size = 6239077 },
    { url = "https://files.pythonhosted.org/packages/a6/84/fa11dad3404b7634aaab50733581ce11e5350383311ea7a7010f464c0170/numpy-2.1.3-cp312-cp312-win_amd64.whl", hash = "sha256:0d30c543f02e84e92c4b1f415b7c6b5326cbe45ee7882b6b77db7195fb971e3a", size = 12566858 },
    { url = "https://files.pythonhosted.org/packages/4d/0b/620591441457e25f3404c8057eb924d04f161244cb8a3680d529419aa86e/numpy-2.1.3-cp313-cp313-macosx_10_13_x86_64.whl", hash = "sha256:96fe52fcdb9345b7cd82ecd34547fca4321f7656d500eca497eb7ea5a926692f", size = 20836263 },
    { url = "https://files.pythonhosted.org/packages/45/e1/210b2d8b31ce9119145433e6ea78046e30771de3fe353f313b2778142f34/numpy-2.1.3-cp313-cp313-macosx_11_0_arm64.whl", hash = "sha256:f653490b33e9c3a4c1c01d41bc2aef08f9475af51146e4a7710c450cf9761598", size = 13507771 },
    { url = "https://files.pythonhosted.org/packages/55/44/aa9ee3caee02fa5a45f2c3b95cafe59c44e4b278fbbf895a93e88b308555/numpy-2.1.3-cp313-cp313-macosx_14_0_arm64.whl", hash = "sha256:dc258a761a16daa791081d026f0ed4399b582712e6fc887a95af09df10c5ca57", size = 5075805 },
    { url = "https://files.pythonhosted.org/packages/78/d6/61de6e7e31915ba4d87bbe1ae859e83e6582ea14c6add07c8f7eefd8488f/numpy-2.1.3-cp313-cp313-macosx_14_0_x86_64.whl", hash = "sha256:016d0f6f5e77b0f0d45d77387ffa4bb89816b57c835580c3ce8e099ef830befe", size = 6608380 },
    { url = "https://files.pythonhosted.org/packages/3e/46/48bdf9b7241e317e6cf94276fe11ba673c06d1fdf115d8b4ebf616affd1a/numpy-2.1.3-cp313-cp313-manylinux_2_17_aarch64.manylinux2014_aarch64.whl", hash = "sha256:c181ba05ce8299c7aa3125c27b9c2167bca4a4445b7ce73d5febc411ca692e43", size = 13602451 },
    { url = "https://files.pythonhosted.org/packages/70/50/73f9a5aa0810cdccda9c1d20be3cbe4a4d6ea6bfd6931464a44c95eef731/numpy-2.1.3-cp313-cp313-manylinux_2_17_x86_64.manylinux2014_x86_64.whl", hash = "sha256:5641516794ca9e5f8a4d17bb45446998c6554704d888f86df9b200e66bdcce56", size = 16039822 },
    { url = "https://files.pythonhosted.org/packages/ad/cd/098bc1d5a5bc5307cfc65ee9369d0ca658ed88fbd7307b0d49fab6ca5fa5/numpy-2.1.3-cp313-cp313-musllinux_1_1_x86_64.whl", hash = "sha256:ea4dedd6e394a9c180b33c2c872b92f7ce0f8e7ad93e9585312b0c5a04777a4a", size = 16411822 },
    { url = "https://files.pythonhosted.org/packages/83/a2/7d4467a2a6d984549053b37945620209e702cf96a8bc658bc04bba13c9e2/numpy-2.1.3-cp313-cp313-musllinux_1_2_aarch64.whl", hash = "sha256:b0df3635b9c8ef48bd3be5f862cf71b0a4716fa0e702155c45067c6b711ddcef", size = 14079598 },
    { url = "https://files.pythonhosted.org/packages/e9/6a/d64514dcecb2ee70bfdfad10c42b76cab657e7ee31944ff7a600f141d9e9/numpy-2.1.3-cp313-cp313-win32.whl", hash = "sha256:50ca6aba6e163363f132b5c101ba078b8cbd3fa92c7865fd7d4d62d9779ac29f", size = 6236021 },
    { url = "https://files.pythonhosted.org/packages/bb/f9/12297ed8d8301a401e7d8eb6b418d32547f1d700ed3c038d325a605421a4/numpy-2.1.3-cp313-cp313-win_amd64.whl", hash = "sha256:747641635d3d44bcb380d950679462fae44f54b131be347d5ec2bce47d3df9ed", size = 12560405 },
    { url = "https://files.pythonhosted.org/packages/a7/45/7f9244cd792e163b334e3a7f02dff1239d2890b6f37ebf9e82cbe17debc0/numpy-2.1.3-cp313-cp313t-macosx_10_13_x86_64.whl", hash = "sha256:996bb9399059c5b82f76b53ff8bb686069c05acc94656bb259b1d63d04a9506f", size = 20859062 },
    { url = "https://files.pythonhosted.org/packages/b1/b4/a084218e7e92b506d634105b13e27a3a6645312b93e1c699cc9025adb0e1/numpy-2.1.3-cp313-cp313t-macosx_11_0_arm64.whl", hash = "sha256:45966d859916ad02b779706bb43b954281db43e185015df6eb3323120188f9e4", size = 13515839 },
    { url = "https://files.pythonhosted.org/packages/27/45/58ed3f88028dcf80e6ea580311dc3edefdd94248f5770deb980500ef85dd/numpy-2.1.3-cp313-cp313t-macosx_14_0_arm64.whl", hash = "sha256:baed7e8d7481bfe0874b566850cb0b85243e982388b7b23348c6db2ee2b2ae8e", size = 5116031 },
    { url = "https://files.pythonhosted.org/packages/37/a8/eb689432eb977d83229094b58b0f53249d2209742f7de529c49d61a124a0/numpy-2.1.3-cp313-cp313t-macosx_14_0_x86_64.whl", hash = "sha256:a9f7f672a3388133335589cfca93ed468509cb7b93ba3105fce780d04a6576a0", size = 6629977 },
    { url = "https://files.pythonhosted.org/packages/42/a3/5355ad51ac73c23334c7caaed01adadfda49544f646fcbfbb4331deb267b/numpy-2.1.3-cp313-cp313t-manylinux_2_17_aarch64.manylinux2014_aarch64.whl", hash = "sha256:d7aac50327da5d208db2eec22eb11e491e3fe13d22653dce51b0f4109101b408", size = 13575951 },
    { url = "https://files.pythonhosted.org/packages/c4/70/ea9646d203104e647988cb7d7279f135257a6b7e3354ea6c56f8bafdb095/numpy-2.1.3-cp313-cp313t-manylinux_2_17_x86_64.manylinux2014_x86_64.whl", hash = "sha256:4394bc0dbd074b7f9b52024832d16e019decebf86caf909d94f6b3f77a8ee3b6", size = 16022655 },
    { url = "https://files.pythonhosted.org/packages/14/ce/7fc0612903e91ff9d0b3f2eda4e18ef9904814afcae5b0f08edb7f637883/numpy-2.1.3-cp313-cp313t-musllinux_1_1_x86_64.whl", hash = "sha256:50d18c4358a0a8a53f12a8ba9d772ab2d460321e6a93d6064fc22443d189853f", size = 16399902 },
    { url = "https://files.pythonhosted.org/packages/ef/62/1d3204313357591c913c32132a28f09a26357e33ea3c4e2fe81269e0dca1/numpy-2.1.3-cp313-cp313t-musllinux_1_2_aarch64.whl", hash = "sha256:14e253bd43fc6b37af4921b10f6add6925878a42a0c5fe83daee390bca80bc17", size = 14067180 },
    { url = "https://files.pythonhosted.org/packages/24/d7/78a40ed1d80e23a774cb8a34ae8a9493ba1b4271dde96e56ccdbab1620ef/numpy-2.1.3-cp313-cp313t-win32.whl", hash = "sha256:08788d27a5fd867a663f6fc753fd7c3ad7e92747efc73c53bca2f19f8bc06f48", size = 6291907 },
    { url = "https://files.pythonhosted.org/packages/86/09/a5ab407bd7f5f5599e6a9261f964ace03a73e7c6928de906981c31c38082/numpy-2.1.3-cp313-cp313t-win_amd64.whl", hash = "sha256:2564fbdf2b99b3f815f2107c1bbc93e2de8ee655a69c261363a1172a79a257d4", size = 12644098 },
]

[[package]]
name = "pygments"
version = "2.19.1"
source = { registry = "https://pypi.org/simple" }
sdist = { url = "https://files.pythonhosted.org/packages/7c/2d/c3338d48ea6cc0feb8446d8e6937e1408088a72a39937982cc6111d17f84/pygments-2.19.1.tar.gz", hash = "sha256:61c16d2a8576dc0649d9f39e089b5f02bcd27fba10d8fb4dcc28173f7a45151f", size = 4968581 }
wheels = [
    { url = "https://files.pythonhosted.org/packages/8a/0b/9fcc47d19c48b59121088dd6da2488a49d5f72dacf8262e2790a1d2c7d15/pygments-2.19.1-py3-none-any.whl", hash = "sha256:9ea1544ad55cecf4b8242fab6dd35a93bbce657034b0611ee383099054ab6d8c", size = 1225293 },
]

[[package]]
name = "requests"
version = "2.32.3"
source = { registry = "https://pypi.org/simple" }
dependencies = [
    { name = "certifi" },
    { name = "charset-normalizer" },
    { name = "idna" },
    { name = "urllib3" },
]
sdist = { url = "https://files.pythonhosted.org/packages/63/70/2bf7780ad2d390a8d301ad0b550f1581eadbd9a20f896afe06353c2a2913/requests-2.32.3.tar.gz", hash = "sha256:55365417734eb18255590a9ff9eb97e9e1da868d4ccd6402399eaf68af20a760", size = 131218 }
wheels = [
    { url = "https://files.pythonhosted.org/packages/f9/9b/335f9764261e915ed497fcdeb11df5dfd6f7bf257d4a6a2a686d80da4d54/requests-2.32.3-py3-none-any.whl", hash = "sha256:70761cfe03c773ceb22aa2f671b4757976145175cdfca038c02654d061d6dcc6", size = 64928 },
]

[[package]]
name = "rich"
version = "13.9.4"
source = { registry = "https://pypi.org/simple" }
dependencies = [
    { name = "markdown-it-py" },
    { name = "pygments" },
]
sdist = { url = "https://files.pythonhosted.org/packages/ab/3a/0316b28d0761c6734d6bc14e770d85506c986c85ffb239e688eeaab2c2bc/rich-13.9.4.tar.gz", hash = "sha256:439594978a49a09530cff7ebc4b5c7103ef57baf48d5ea3184f21d9a2befa098", size = 223149 }
wheels = [
    { url = "https://files.pythonhosted.org/packages/19/71/39c7c0d87f8d4e6c020a393182060eaefeeae6c01dab6a84ec346f2567df/rich-13.9.4-py3-none-any.whl", hash = "sha256:6049d5e6ec054bf2779ab3358186963bac2ea89175919d699e378b99738c2a90", size = 242424 },
]

[[package]]
name = "shellingham"
version = "1.5.4"
source = { registry = "https://pypi.org/simple" }
sdist = { url = "https://files.pythonhosted.org/packages/58/15/8b3609fd3830ef7b27b655beb4b4e9c62313a4e8da8c676e142cc210d58e/shellingham-1.5.4.tar.gz", hash = "sha256:8dbca0739d487e5bd35ab3ca4b36e11c4078f3a234bfce294b0a0291363404de", size = 10310 }
wheels = [
    { url = "https://files.pythonhosted.org/packages/e0/f9/0595336914c5619e5f28a1fb793285925a8cd4b432c9da0a987836c7f822/shellingham-1.5.4-py2.py3-none-any.whl", hash = "sha256:7ecfff8f2fd72616f7481040475a65b2bf8af90a56c89140852d1120324e8686", size = 9755 },
]

[[package]]
name = "tenacity"
version = "9.0.0"
source = { registry = "https://pypi.org/simple" }
sdist = { url = "https://files.pythonhosted.org/packages/cd/94/91fccdb4b8110642462e653d5dcb27e7b674742ad68efd146367da7bdb10/tenacity-9.0.0.tar.gz", hash = "sha256:807f37ca97d62aa361264d497b0e31e92b8027044942bfa756160d908320d73b", size = 47421 }
wheels = [
    { url = "https://files.pythonhosted.org/packages/b6/cb/b86984bed139586d01532a587464b5805f12e397594f19f931c4c2fbfa61/tenacity-9.0.0-py3-none-any.whl", hash = "sha256:93de0c98785b27fcf659856aa9f54bfbd399e29969b0621bc7f762bd441b4539", size = 28169 },
]

[[package]]
name = "typer"
version = "0.15.2"
source = { registry = "https://pypi.org/simple" }
dependencies = [
    { name = "click" },
    { name = "rich" },
    { name = "shellingham" },
    { name = "typing-extensions" },
]
sdist = { url = "https://files.pythonhosted.org/packages/8b/6f/3991f0f1c7fcb2df31aef28e0594d8d54b05393a0e4e34c65e475c2a5d41/typer-0.15.2.tar.gz", hash = "sha256:ab2fab47533a813c49fe1f16b1a370fd5819099c00b119e0633df65f22144ba5", size = 100711 }
wheels = [
    { url = "https://files.pythonhosted.org/packages/7f/fc/5b29fea8cee020515ca82cc68e3b8e1e34bb19a3535ad854cac9257b414c/typer-0.15.2-py3-none-any.whl", hash = "sha256:46a499c6107d645a9c13f7ee46c5d5096cae6f5fc57dd11eccbbb9ae3e44ddfc", size = 45061 },
]

[[package]]
name = "typing-extensions"
version = "4.12.2"
source = { registry = "https://pypi.org/simple" }
sdist = { url = "https://files.pythonhosted.org/packages/df/db/f35a00659bc03fec321ba8bce9420de607a1d37f8342eee1863174c69557/typing_extensions-4.12.2.tar.gz", hash = "sha256:1a7ead55c7e559dd4dee8856e3a88b41225abfe1ce8df57b7c13915fe121ffb8", size = 85321 }
wheels = [
    { url = "https://files.pythonhosted.org/packages/26/9f/ad63fc0248c5379346306f8668cda6e2e2e9c95e01216d2b8ffd9ff037d0/typing_extensions-4.12.2-py3-none-any.whl", hash = "sha256:04e5ca0351e0f3f85c6853954072df659d0d13fac324d0072316b67d7794700d", size = 37438 },
]

[[package]]
name = "urllib3"
version = "2.3.0"
source = { registry = "https://pypi.org/simple" }
sdist = { url = "https://files.pythonhosted.org/packages/aa/63/e53da845320b757bf29ef6a9062f5c669fe997973f966045cb019c3f4b66/urllib3-2.3.0.tar.gz", hash = "sha256:f8c5449b3cf0861679ce7e0503c7b44b5ec981bec0d1d3795a07f1ba96f0204d", size = 307268 }
wheels = [
    { url = "https://files.pythonhosted.org/packages/c8/19/4ec628951a74043532ca2cf5d97b7b14863931476d117c471e8e2b1eb39f/urllib3-2.3.0-py3-none-any.whl", hash = "sha256:1cee9ad369867bfdbbb48b7dd50374c0967a0bb7710050facf0dd6911440e3df", size = 128369 },
]
